
Microsoft Visual Studio Solution File, Format Version 12.00
# Visual Studio Version 16
VisualStudioVersion = 16.0.31702.278
MinimumVisualStudioVersion = 10.0.40219.1
Project("{9A19103F-16F7-4668-BE54-9A1E7A4F7556}") = "2021Tests", "2021Tests\2021Tests.csproj", "{9265B09C-1DBE-44BD-881E-2D11AAB64C04}"
EndProject
Project("{9A19103F-16F7-4668-BE54-9A1E7A4F7556}") = "2021", "2021\2021.csproj", "{30D5266F-4A3A-48CA-9D57-7369EFEC0FD7}"
EndProject
Global
	GlobalSection(SolutionConfigurationPlatforms) = preSolution
		Debug|Any CPU = Debug|Any CPU
		Release|Any CPU = Release|Any CPU
	EndGlobalSection
	GlobalSection(ProjectConfigurationPlatforms) = postSolution
		{9265B09C-1DBE-44BD-881E-2D11AAB64C04}.Debug|Any CPU.ActiveCfg = Debug|Any CPU
		{9265B09C-1DBE-44BD-881E-2D11AAB64C04}.Debug|Any CPU.Build.0 = Debug|Any CPU
		{9265B09C-1DBE-44BD-881E-2D11AAB64C04}.Release|Any CPU.ActiveCfg = Release|Any CPU
		{9265B09C-1DBE-44BD-881E-2D11AAB64C04}.Release|Any CPU.Build.0 = Release|Any CPU
		{30D5266F-4A3A-48CA-9D57-7369EFEC0FD7}.Debug|Any CPU.ActiveCfg = Debug|Any CPU
		{30D5266F-4A3A-48CA-9D57-7369EFEC0FD7}.Debug|Any CPU.Build.0 = Debug|Any CPU
		{30D5266F-4A3A-48CA-9D57-7369EFEC0FD7}.Release|Any CPU.ActiveCfg = Release|Any CPU
		{30D5266F-4A3A-48CA-9D57-7369EFEC0FD7}.Release|Any CPU.Build.0 = Release|Any CPU
	EndGlobalSection
	GlobalSection(SolutionProperties) = preSolution
		HideSolutionNode = FALSE
	EndGlobalSection
	GlobalSection(ExtensibilityGlobals) = postSolution
		SolutionGuid = {B2CB120B-FE4F-4A38-905C-684737A870C9}
	EndGlobalSection
EndGlobal
